
Microsoft Visual Studio Solution File, Format Version 12.00
# Visual Studio Version 17
VisualStudioVersion = 17.4.33213.308
MinimumVisualStudioVersion = 10.0.40219.1
Project("{9A19103F-16F7-4668-BE54-9A1E7A4F7556}") = "UnitConverter", "UnitConverter\UnitConverter.csproj", "{0BE920A0-DB42-4561-8287-B8250E3EDFE9}"
EndProject
Global
	GlobalSection(SolutionConfigurationPlatforms) = preSolution
		Debug|Any CPU = Debug|Any CPU
		Release|Any CPU = Release|Any CPU
	EndGlobalSection
	GlobalSection(ProjectConfigurationPlatforms) = postSolution
		{0BE920A0-DB42-4561-8287-B8250E3EDFE9}.Debug|Any CPU.ActiveCfg = Debug|Any CPU
		{0BE920A0-DB42-4561-8287-B8250E3EDFE9}.Debug|Any CPU.Build.0 = Debug|Any CPU
		{0BE920A0-DB42-4561-8287-B8250E3EDFE9}.Release|Any CPU.ActiveCfg = Release|Any CPU
		{0BE920A0-DB42-4561-8287-B8250E3EDFE9}.Release|Any CPU.Build.0 = Release|Any CPU
	EndGlobalSection
	GlobalSection(SolutionProperties) = preSolution
		HideSolutionNode = FALSE
	EndGlobalSection
	GlobalSection(ExtensibilityGlobals) = postSolution
		SolutionGuid = {64A1ABB8-5819-422D-B0CC-9401132A2C8E}
	EndGlobalSection
EndGlobal
